[[entries]]
  bundle = "rules/go-general"
  format = "claude"
  target = ".claude/rules/go-general.md"
  hash = "f92dcd098ec9c558a4868db6d570fa12fc68c2fafe5427707e568ed40c19f09d"
  registry_hash = "f92dcd098ec9c558a4868db6d570fa12fc68c2fafe5427707e568ed40c19f09d"
  local_hash = "f92dcd098ec9c558a4868db6d570fa12fc68c2fafe5427707e568ed40c19f09d"
  state = "clean"

[[entries]]
  bundle = "rules/go-naming"
  format = "claude"
  target = ".claude/rules/go-naming.md"
  hash = "b80a8dd5c417e3b44894881aebd9758750d2312c3c0bb187d6ff3ac240168d27"
  registry_hash = "d569f7efcf1e7042ddea51ecd67f6f9b353267b4add0fe633d5156c77e64c470"
  local_hash = "b80a8dd5c417e3b44894881aebd9758750d2312c3c0bb187d6ff3ac240168d27"
  state = "clean"

[[entries]]
  bundle = "rules/go-testing"
  format = "claude"
  target = ".claude/rules/go-testing.md"
  hash = "73878fecb5d2890195b0f241f7f352bff2336c6dc7b304c6b194e8759adaf6e3"
  registry_hash = "73878fecb5d2890195b0f241f7f352bff2336c6dc7b304c6b194e8759adaf6e3"
  local_hash = "73878fecb5d2890195b0f241f7f352bff2336c6dc7b304c6b194e8759adaf6e3"
  state = "clean"

[[entries]]
  bundle = "skills/dev-container"
  format = "claude"
  target = ".claude/skills/dev-container/SKILL.md"
  hash = "05a13299170c821c07b518e8470a5159622d2138bd37ff4b3b110434c66b7011"
  registry_hash = "05a13299170c821c07b518e8470a5159622d2138bd37ff4b3b110434c66b7011"
  local_hash = "05a13299170c821c07b518e8470a5159622d2138bd37ff4b3b110434c66b7011"
  state = "clean"
